
Microsoft Visual Studio Solution File, Format Version 12.00
# Visual Studio Version 16
VisualStudioVersion = 16.0.29519.181
MinimumVisualStudioVersion = 10.0.40219.1
Project("{FAE04EC0-301F-11D3-BF4B-00C04F79EFBC}") = "FSC", "FSC.csproj", "{032AD9F9-2ED2-447C-A818-CE285E59B9C7}"
EndProject
Global
	GlobalSection(SolutionConfigurationPlatforms) = preSolution
		Debug|Any CPU = Debug|Any CPU
		Release|Any CPU = Release|Any CPU
	EndGlobalSection
	GlobalSection(ProjectConfigurationPlatforms) = postSolution
		{032AD9F9-2ED2-447C-A818-CE285E59B9C7}.Debug|Any CPU.ActiveCfg = Debug|Any CPU
		{032AD9F9-2ED2-447C-A818-CE285E59B9C7}.Debug|Any CPU.Build.0 = Debug|Any CPU
		{032AD9F9-2ED2-447C-A818-CE285E59B9C7}.Release|Any CPU.ActiveCfg = Release|Any CPU
		{032AD9F9-2ED2-447C-A818-CE285E59B9C7}.Release|Any CPU.Build.0 = Release|Any CPU
	EndGlobalSection
	GlobalSection(SolutionProperties) = preSolution
		HideSolutionNode = FALSE
	EndGlobalSection
	GlobalSection(ExtensibilityGlobals) = postSolution
		SolutionGuid = {92ECCCE9-C386-4C1C-BC7A-3E6CE88BAC98}
	EndGlobalSection
EndGlobal
